# DO NOT EDIT MANUALLY - Managed by Fern Replay
version: "1.0"
generations:
  - commit_sha: 3506808f6552fdbd8bcc0be972c3b386ba51f346
    tree_hash: 05ed74e8c1618b930370b445ec162a95ea8f82d6
    timestamp: 2026-08-14T07:51:13.885Z
    cli_version: unknown
    generator_versions: {}
  - commit_sha: 8b0a2b2a1bb0eb4d7c9f476250fae5be473cd725
    tree_hash: 296e8d897cf5978dfefd2fd4c46bf2768e081bbe
    timestamp: 2026-08-14T07:51:14.152Z
    cli_version: unknown
    generator_versions:
      fernapi/fern-python-sdk: 5.28.0
current_generation: 8b0a2b2a1bb0eb4d7c9f476250fae5be473cd725
patches: []
