# DO NOT EDIT MANUALLY - Managed by Fern Replay
version: "1.0"
generations:
  - commit_sha: 3506808f6552fdbd8bcc0be972c3b386ba51f346
    tree_hash: 05ed74e8c1618b930370b445ec162a95ea8f82d6
    timestamp: 2026-08-14T07:51:13.885Z
    cli_version: unknown
    generator_versions: {}
current_generation: 3506808f6552fdbd8bcc0be972c3b386ba51f346
patches: []
