# DO NOT EDIT MANUALLY - Managed by Fern Replay
version: "1.0"
generations:
  - commit_sha: f0d0ee5125f0259bfd7ee297d7c970ceda8de598
    tree_hash: 05ed74e8c1618b930370b445ec162a95ea8f82d6
    timestamp: 2026-08-14T00:52:12.178Z
    cli_version: unknown
    generator_versions: {}
  - commit_sha: 9394cef4eb133efdb11ad4a0fcd10086a070a708
    tree_hash: 77a17c8705d6e2ececdcec84787d126c24c19ab1
    timestamp: 2026-08-14T00:52:12.592Z
    cli_version: unknown
    generator_versions:
      fernapi/fern-python-sdk: 5.28.0
current_generation: 9394cef4eb133efdb11ad4a0fcd10086a070a708
patches: []
